Microsoft Visual Studio Solution File, Format Version 12.00
# Visual Studio Version 17
VisualStudioVersion = 17.5.2.0
MinimumVisualStudioVersion = 10.0.40219.1
Project("{FAE04EC0-301F-11D3-BF4B-00C04F79EFBC}") = "ChronoView", "ChronoView\ChronoView.csproj", "{5F06B2C3-19B3-8025-6315-9D446C48431F}"
EndProject
Project("{FAE04EC0-301F-11D3-BF4B-00C04F79EFBC}") = "ChronoView.Tests", "ChronoView.Tests\ChronoView.Tests.csproj", "{11205276-72EE-B00A-7FBC-417FF57B69E4}"
EndProject
Global
	GlobalSection(SolutionConfigurationPlatforms) = preSolution
		Debug|Any CPU = Debug|Any CPU
		Release|Any CPU = Release|Any CPU
	EndGlobalSection
	GlobalSection(ProjectConfigurationPlatforms) = postSolution
		{5F06B2C3-19B3-8025-6315-9D446C48431F}.Debug|Any CPU.ActiveCfg = Debug|Any CPU
		{5F06B2C3-19B3-8025-6315-9D446C48431F}.Debug|Any CPU.Build.0 = Debug|Any CPU
		{5F06B2C3-19B3-8025-6315-9D446C48431F}.Release|Any CPU.ActiveCfg = Release|Any CPU
		{5F06B2C3-19B3-8025-6315-9D446C48431F}.Release|Any CPU.Build.0 = Release|Any CPU
		{11205276-72EE-B00A-7FBC-417FF57B69E4}.Debug|Any CPU.ActiveCfg = Debug|Any CPU
		{11205276-72EE-B00A-7FBC-417FF57B69E4}.Debug|Any CPU.Build.0 = Debug|Any CPU
		{11205276-72EE-B00A-7FBC-417FF57B69E4}.Release|Any CPU.ActiveCfg = Release|Any CPU
		{11205276-72EE-B00A-7FBC-417FF57B69E4}.Release|Any CPU.Build.0 = Release|Any CPU
	EndGlobalSection
	GlobalSection(SolutionProperties) = preSolution
		HideSolutionNode = FALSE
	EndGlobalSection
	GlobalSection(ExtensibilityGlobals) = postSolution
		SolutionGuid = {E082CE7D-A059-46AF-B559-F67DD6C2C056}
	EndGlobalSection
EndGlobal
